
Microsoft Visual Studio Solution File, Format Version 12.00
# Visual Studio 15
VisualStudioVersion = 15.0.27130.2024
MinimumVisualStudioVersion = 10.0.40219.1
Project("{E24C65DC-7377-472B-9ABA-BC803B73C61A}") = "CRUD_Generic", "CRUD_Generic\", "{CECB2616-9D94-415D-A8DE-718CC04B650E}"
	ProjectSection(WebsiteProperties) = preProject
		TargetFrameworkMoniker = ".NETFramework,Version%3Dv4.6.2"
		Debug.AspNetCompiler.VirtualPath = "/localhost_49651"
		Debug.AspNetCompiler.PhysicalPath = "CRUD_Generic\"
		Debug.AspNetCompiler.TargetPath = "PrecompiledWeb\localhost_49651\"
		Debug.AspNetCompiler.Updateable = "true"
		Debug.AspNetCompiler.ForceOverwrite = "true"
		Debug.AspNetCompiler.FixedNames = "false"
		Debug.AspNetCompiler.Debug = "True"
		Release.AspNetCompiler.VirtualPath = "/localhost_49651"
		Release.AspNetCompiler.PhysicalPath = "CRUD_Generic\"
		Release.AspNetCompiler.TargetPath = "PrecompiledWeb\localhost_49651\"
		Release.AspNetCompiler.Updateable = "true"
		Release.AspNetCompiler.ForceOverwrite = "true"
		Release.AspNetCompiler.FixedNames = "false"
		Release.AspNetCompiler.Debug = "False"
		VWDPort = "49651"
		SlnRelativePath = "CRUD_Generic\"
		DefaultWebSiteLanguage = "Visual C#"
	EndProjectSection
EndProject
Global
	GlobalSection(SolutionConfigurationPlatforms) = preSolution
		Debug|Any CPU = Debug|Any CPU
	EndGlobalSection
	GlobalSection(ProjectConfigurationPlatforms) = postSolution
		{CECB2616-9D94-415D-A8DE-718CC04B650E}.Debug|Any CPU.ActiveCfg = Debug|Any CPU
		{CECB2616-9D94-415D-A8DE-718CC04B650E}.Debug|Any CPU.Build.0 = Debug|Any CPU
	EndGlobalSection
	GlobalSection(SolutionProperties) = preSolution
		HideSolutionNode = FALSE
	EndGlobalSection
	GlobalSection(ExtensibilityGlobals) = postSolution
		SolutionGuid = {34D4B633-1CFA-45B1-8D77-B447FCFCFE4A}
	EndGlobalSection
EndGlobal
