
Microsoft Visual Studio Solution File, Format Version 12.00
# Visual Studio 15
VisualStudioVersion = 15.0.27130.2024
MinimumVisualStudioVersion = 10.0.40219.1
Project("{FAE04EC0-301F-11D3-BF4B-00C04F79EFBC}") = "CRUD_Generic.Core", "CRUD_Generic.Core\CRUD_Generic.Core.csproj", "{89379B21-DB12-408E-AD0D-7538B3D6F044}"
EndProject
Project("{FAE04EC0-301F-11D3-BF4B-00C04F79EFBC}") = "CRUD_Generic.DAL", "CRUB_Generic.DAL\CRUD_Generic.DAL.csproj", "{B54089A3-FC7C-4828-8C8C-2BA5DE1928E4}"
EndProject
Project("{FAE04EC0-301F-11D3-BF4B-00C04F79EFBC}") = "CRUD_Generic.Service", "CRUD_Generic.Service\CRUD_Generic.Service.csproj", "{5AB25945-91CA-4E35-AE1D-6BE2E8961E35}"
EndProject
Project("{FAE04EC0-301F-11D3-BF4B-00C04F79EFBC}") = "CRUD_Generic.Web", "CRUD_Generic.Web\CRUD_Generic.Web.csproj", "{2FDED64D-E177-4DC8-8A1E-3EDB6676F2F6}"
EndProject
Global
	GlobalSection(SolutionConfigurationPlatforms) = preSolution
		Debug|Any CPU = Debug|Any CPU
		Release|Any CPU = Release|Any CPU
	EndGlobalSection
	GlobalSection(ProjectConfigurationPlatforms) = postSolution
		{89379B21-DB12-408E-AD0D-7538B3D6F044}.Debug|Any CPU.ActiveCfg = Debug|Any CPU
		{89379B21-DB12-408E-AD0D-7538B3D6F044}.Debug|Any CPU.Build.0 = Debug|Any CPU
		{89379B21-DB12-408E-AD0D-7538B3D6F044}.Release|Any CPU.ActiveCfg = Release|Any CPU
		{89379B21-DB12-408E-AD0D-7538B3D6F044}.Release|Any CPU.Build.0 = Release|Any CPU
		{B54089A3-FC7C-4828-8C8C-2BA5DE1928E4}.Debug|Any CPU.ActiveCfg = Debug|Any CPU
		{B54089A3-FC7C-4828-8C8C-2BA5DE1928E4}.Debug|Any CPU.Build.0 = Debug|Any CPU
		{B54089A3-FC7C-4828-8C8C-2BA5DE1928E4}.Release|Any CPU.ActiveCfg = Release|Any CPU
		{B54089A3-FC7C-4828-8C8C-2BA5DE1928E4}.Release|Any CPU.Build.0 = Release|Any CPU
		{5AB25945-91CA-4E35-AE1D-6BE2E8961E35}.Debug|Any CPU.ActiveCfg = Debug|Any CPU
		{5AB25945-91CA-4E35-AE1D-6BE2E8961E35}.Debug|Any CPU.Build.0 = Debug|Any CPU
		{5AB25945-91CA-4E35-AE1D-6BE2E8961E35}.Release|Any CPU.ActiveCfg = Release|Any CPU
		{5AB25945-91CA-4E35-AE1D-6BE2E8961E35}.Release|Any CPU.Build.0 = Release|Any CPU
		{2FDED64D-E177-4DC8-8A1E-3EDB6676F2F6}.Debug|Any CPU.ActiveCfg = Debug|Any CPU
		{2FDED64D-E177-4DC8-8A1E-3EDB6676F2F6}.Debug|Any CPU.Build.0 = Debug|Any CPU
		{2FDED64D-E177-4DC8-8A1E-3EDB6676F2F6}.Release|Any CPU.ActiveCfg = Release|Any CPU
		{2FDED64D-E177-4DC8-8A1E-3EDB6676F2F6}.Release|Any CPU.Build.0 = Release|Any CPU
	EndGlobalSection
	GlobalSection(SolutionProperties) = preSolution
		HideSolutionNode = FALSE
	EndGlobalSection
	GlobalSection(ExtensibilityGlobals) = postSolution
		SolutionGuid = {34D4B633-1CFA-45B1-8D77-B447FCFCFE4A}
	EndGlobalSection
EndGlobal
